
Microsoft Visual Studio Solution File, Format Version 12.00
# Visual Studio Version 17
VisualStudioVersion = 17.14.37111.16 d17.14
MinimumVisualStudioVersion = 10.0.40219.1
Project("{FAE04EC0-301F-11D3-BF4B-00C04F79EFBC}") = "TvcLesson01", "TvcLesson01.csproj", "{F5E629F9-B8E2-48BC-9A52-E0B6CE5746D4}"
EndProject
Project("{FAE04EC0-301F-11D3-BF4B-00C04F79EFBC}") = "TvcLessonMVC", "..\TvcLessonMVC\TvcLessonMVC.csproj", "{C35C2CAB-41F9-49B1-862C-B1D81DF65440}"
EndProject
Global
	GlobalSection(SolutionConfigurationPlatforms) = preSolution
		Debug|Any CPU = Debug|Any CPU
		Release|Any CPU = Release|Any CPU
	EndGlobalSection
	GlobalSection(ProjectConfigurationPlatforms) = postSolution
		{F5E629F9-B8E2-48BC-9A52-E0B6CE5746D4}.Debug|Any CPU.ActiveCfg = Debug|Any CPU
		{F5E629F9-B8E2-48BC-9A52-E0B6CE5746D4}.Debug|Any CPU.Build.0 = Debug|Any CPU
		{F5E629F9-B8E2-48BC-9A52-E0B6CE5746D4}.Release|Any CPU.ActiveCfg = Release|Any CPU
		{F5E629F9-B8E2-48BC-9A52-E0B6CE5746D4}.Release|Any CPU.Build.0 = Release|Any CPU
		{C35C2CAB-41F9-49B1-862C-B1D81DF65440}.Debug|Any CPU.ActiveCfg = Debug|Any CPU
		{C35C2CAB-41F9-49B1-862C-B1D81DF65440}.Debug|Any CPU.Build.0 = Debug|Any CPU
		{C35C2CAB-41F9-49B1-862C-B1D81DF65440}.Release|Any CPU.ActiveCfg = Release|Any CPU
		{C35C2CAB-41F9-49B1-862C-B1D81DF65440}.Release|Any CPU.Build.0 = Release|Any CPU
	EndGlobalSection
	GlobalSection(SolutionProperties) = preSolution
		HideSolutionNode = FALSE
	EndGlobalSection
	GlobalSection(ExtensibilityGlobals) = postSolution
		SolutionGuid = {6EC6A23D-7BD9-464A-928F-5973DD6A2B15}
	EndGlobalSection
EndGlobal
