
Microsoft Visual Studio Solution File, Format Version 12.00
# Visual Studio Version 17
VisualStudioVersion = 17.14.37111.16 d17.14
MinimumVisualStudioVersion = 10.0.40219.1
Project("{FAE04EC0-301F-11D3-BF4B-00C04F79EFBC}") = "TvcLesson06", "TvcLesson06.csproj", "{12C2D8A0-D6C3-4E02-BD49-68698CCA7EEC}"
EndProject
Global
	GlobalSection(SolutionConfigurationPlatforms) = preSolution
		Debug|Any CPU = Debug|Any CPU
		Release|Any CPU = Release|Any CPU
	EndGlobalSection
	GlobalSection(ProjectConfigurationPlatforms) = postSolution
		{12C2D8A0-D6C3-4E02-BD49-68698CCA7EEC}.Debug|Any CPU.ActiveCfg = Debug|Any CPU
		{12C2D8A0-D6C3-4E02-BD49-68698CCA7EEC}.Debug|Any CPU.Build.0 = Debug|Any CPU
		{12C2D8A0-D6C3-4E02-BD49-68698CCA7EEC}.Release|Any CPU.ActiveCfg = Release|Any CPU
		{12C2D8A0-D6C3-4E02-BD49-68698CCA7EEC}.Release|Any CPU.Build.0 = Release|Any CPU
	EndGlobalSection
	GlobalSection(SolutionProperties) = preSolution
		HideSolutionNode = FALSE
	EndGlobalSection
	GlobalSection(ExtensibilityGlobals) = postSolution
		SolutionGuid = {FB387288-61F9-4460-8E11-AF93FA3D5E18}
	EndGlobalSection
EndGlobal
