
Microsoft Visual Studio Solution File, Format Version 12.00
# Visual Studio Version 17
VisualStudioVersion = 17.14.37111.16 d17.14
MinimumVisualStudioVersion = 10.0.40219.1
Project("{FAE04EC0-301F-11D3-BF4B-00C04F79EFBC}") = "TvcLesson03", "TvcLesson03.csproj", "{8EC8B80B-92B0-496F-838F-E0EF25623966}"
EndProject
Global
	GlobalSection(SolutionConfigurationPlatforms) = preSolution
		Debug|Any CPU = Debug|Any CPU
		Release|Any CPU = Release|Any CPU
	EndGlobalSection
	GlobalSection(ProjectConfigurationPlatforms) = postSolution
		{8EC8B80B-92B0-496F-838F-E0EF25623966}.Debug|Any CPU.ActiveCfg = Debug|Any CPU
		{8EC8B80B-92B0-496F-838F-E0EF25623966}.Debug|Any CPU.Build.0 = Debug|Any CPU
		{8EC8B80B-92B0-496F-838F-E0EF25623966}.Release|Any CPU.ActiveCfg = Release|Any CPU
		{8EC8B80B-92B0-496F-838F-E0EF25623966}.Release|Any CPU.Build.0 = Release|Any CPU
	EndGlobalSection
	GlobalSection(SolutionProperties) = preSolution
		HideSolutionNode = FALSE
	EndGlobalSection
	GlobalSection(ExtensibilityGlobals) = postSolution
		SolutionGuid = {D7DC8665-3055-4070-9974-79FF0BE13153}
	EndGlobalSection
EndGlobal
